
Microsoft Visual Studio Solution File, Format Version 12.00
# Visual Studio Version 17
VisualStudioVersion = 17.3.32901.215
MinimumVisualStudioVersion = 10.0.40219.1
Project("{FAE04EC0-301F-11D3-BF4B-00C04F79EFBC}") = "SHVFS_P101_GD08_Q2022-11-10_Cloud", "SHVFS_P101_GD08_Q2022-11-10_Cloud\SHVFS_P101_GD08_Q2022-11-10_Cloud.csproj", "{113B72D5-48BE-4C49-80E6-9AF7FB8AC532}"
EndProject
Global
	GlobalSection(SolutionConfigurationPlatforms) = preSolution
		Debug|Any CPU = Debug|Any CPU
		Release|Any CPU = Release|Any CPU
	EndGlobalSection
	GlobalSection(ProjectConfigurationPlatforms) = postSolution
		{113B72D5-48BE-4C49-80E6-9AF7FB8AC532}.Debug|Any CPU.ActiveCfg = Debug|Any CPU
		{113B72D5-48BE-4C49-80E6-9AF7FB8AC532}.Debug|Any CPU.Build.0 = Debug|Any CPU
		{113B72D5-48BE-4C49-80E6-9AF7FB8AC532}.Release|Any CPU.ActiveCfg = Release|Any CPU
		{113B72D5-48BE-4C49-80E6-9AF7FB8AC532}.Release|Any CPU.Build.0 = Release|Any CPU
	EndGlobalSection
	GlobalSection(SolutionProperties) = preSolution
		HideSolutionNode = FALSE
	EndGlobalSection
	GlobalSection(ExtensibilityGlobals) = postSolution
		SolutionGuid = {CE9E9F36-68EA-410F-A977-52C54D5D3437}
	EndGlobalSection
EndGlobal
