
Microsoft Visual Studio Solution File, Format Version 12.00
# Visual Studio Version 17
VisualStudioVersion = 17.3.32901.215
MinimumVisualStudioVersion = 10.0.40219.1
Project("{FAE04EC0-301F-11D3-BF4B-00C04F79EFBC}") = "SHVFS_P101_GD08_Q1_Cloud", "SHVFS_P101_GD08_Q1_Cloud\SHVFS_P101_GD08_Q1_Cloud.csproj", "{FDCC77F4-82A4-4CB0-BA7D-AA6BA1BEF420}"
EndProject
Global
	GlobalSection(SolutionConfigurationPlatforms) = preSolution
		Debug|Any CPU = Debug|Any CPU
		Release|Any CPU = Release|Any CPU
	EndGlobalSection
	GlobalSection(ProjectConfigurationPlatforms) = postSolution
		{FDCC77F4-82A4-4CB0-BA7D-AA6BA1BEF420}.Debug|Any CPU.ActiveCfg = Debug|Any CPU
		{FDCC77F4-82A4-4CB0-BA7D-AA6BA1BEF420}.Debug|Any CPU.Build.0 = Debug|Any CPU
		{FDCC77F4-82A4-4CB0-BA7D-AA6BA1BEF420}.Release|Any CPU.ActiveCfg = Release|Any CPU
		{FDCC77F4-82A4-4CB0-BA7D-AA6BA1BEF420}.Release|Any CPU.Build.0 = Release|Any CPU
	EndGlobalSection
	GlobalSection(SolutionProperties) = preSolution
		HideSolutionNode = FALSE
	EndGlobalSection
	GlobalSection(ExtensibilityGlobals) = postSolution
		SolutionGuid = {80CE3B47-467B-4039-BAA8-F0BF9B5EF513}
	EndGlobalSection
EndGlobal
