
Microsoft Visual Studio Solution File, Format Version 12.00
# Visual Studio Version 17
VisualStudioVersion = 17.3.32901.215
MinimumVisualStudioVersion = 10.0.40219.1
Project("{FAE04EC0-301F-11D3-BF4B-00C04F79EFBC}") = "SHVFS_P101_GD08_Q2022-11-11_Cloud", "SHVFS_P101_GD08_Q2022-11-11_Cloud\SHVFS_P101_GD08_Q2022-11-11_Cloud.csproj", "{1191B96E-3D85-4AA8-9FC5-1316FD12922A}"
EndProject
Global
	GlobalSection(SolutionConfigurationPlatforms) = preSolution
		Debug|Any CPU = Debug|Any CPU
		Release|Any CPU = Release|Any CPU
	EndGlobalSection
	GlobalSection(ProjectConfigurationPlatforms) = postSolution
		{1191B96E-3D85-4AA8-9FC5-1316FD12922A}.Debug|Any CPU.ActiveCfg = Debug|Any CPU
		{1191B96E-3D85-4AA8-9FC5-1316FD12922A}.Debug|Any CPU.Build.0 = Debug|Any CPU
		{1191B96E-3D85-4AA8-9FC5-1316FD12922A}.Release|Any CPU.ActiveCfg = Release|Any CPU
		{1191B96E-3D85-4AA8-9FC5-1316FD12922A}.Release|Any CPU.Build.0 = Release|Any CPU
	EndGlobalSection
	GlobalSection(SolutionProperties) = preSolution
		HideSolutionNode = FALSE
	EndGlobalSection
	GlobalSection(ExtensibilityGlobals) = postSolution
		SolutionGuid = {31532101-B04F-47AC-9568-AA5955EF3A72}
	EndGlobalSection
EndGlobal
